
Microsoft Visual Studio Solution File, Format Version 12.00
# Visual Studio Version 16
VisualStudioVersion = 16.0.30621.155
MinimumVisualStudioVersion = 10.0.40219.1
Project("{FAE04EC0-301F-11D3-BF4B-00C04F79EFBC}") = "TemperatureIconMeterWPF", "TemperatureIconMeterWPF\TemperatureIconMeterWPF.csproj", "{A03ABF5B-C587-40AB-B4D1-3D237C62E300}"
EndProject
Project("{930C7802-8A8C-48F9-8165-68863BCCD9DD}") = "TemperatureIconMeterWixSetup", "TemperatureIconMeterWixSetup\TemperatureIconMeterWixSetup.wixproj", "{4B2B3490-E99B-41C8-9240-9950A6ADB6BA}"
EndProject
Global
	GlobalSection(SolutionConfigurationPlatforms) = preSolution
		Debug|Any CPU = Debug|Any CPU
		Debug|x86 = Debug|x86
		Release|Any CPU = Release|Any CPU
		Release|x86 = Release|x86
	EndGlobalSection
	GlobalSection(ProjectConfigurationPlatforms) = postSolution
		{A03ABF5B-C587-40AB-B4D1-3D237C62E300}.Debug|Any CPU.ActiveCfg = Debug|Any CPU
		{A03ABF5B-C587-40AB-B4D1-3D237C62E300}.Debug|Any CPU.Build.0 = Debug|Any CPU
		{A03ABF5B-C587-40AB-B4D1-3D237C62E300}.Debug|x86.ActiveCfg = Debug|Any CPU
		{A03ABF5B-C587-40AB-B4D1-3D237C62E300}.Debug|x86.Build.0 = Debug|Any CPU
		{A03ABF5B-C587-40AB-B4D1-3D237C62E300}.Release|Any CPU.ActiveCfg = Release|Any CPU
		{A03ABF5B-C587-40AB-B4D1-3D237C62E300}.Release|Any CPU.Build.0 = Release|Any CPU
		{A03ABF5B-C587-40AB-B4D1-3D237C62E300}.Release|x86.ActiveCfg = Release|Any CPU
		{A03ABF5B-C587-40AB-B4D1-3D237C62E300}.Release|x86.Build.0 = Release|Any CPU
		{4B2B3490-E99B-41C8-9240-9950A6ADB6BA}.Debug|Any CPU.ActiveCfg = Debug|x64
		{4B2B3490-E99B-41C8-9240-9950A6ADB6BA}.Debug|x86.ActiveCfg = Debug|x86
		{4B2B3490-E99B-41C8-9240-9950A6ADB6BA}.Release|Any CPU.ActiveCfg = Release|x64
		{4B2B3490-E99B-41C8-9240-9950A6ADB6BA}.Release|x86.ActiveCfg = Release|x86
	EndGlobalSection
	GlobalSection(SolutionProperties) = preSolution
		HideSolutionNode = FALSE
	EndGlobalSection
	GlobalSection(ExtensibilityGlobals) = postSolution
		SolutionGuid = {2B910E3F-74D2-4018-9E50-2CD4C1EF4E90}
	EndGlobalSection
EndGlobal
